
Microsoft Visual Studio Solution File, Format Version 12.00
# Visual Studio Version 17
VisualStudioVersion = 17.14.36518.9 d17.14
MinimumVisualStudioVersion = 10.0.40219.1
Project("{FAE04EC0-301F-11D3-BF4B-00C04F79EFBC}") = "AIM.BookStoreManagement", "AIM.BookStoreManagement\AIM.BookStoreManagement.csproj", "{12AAA888-B935-4052-90BB-3C83BED5E998}"
EndProject
Project("{FAE04EC0-301F-11D3-BF4B-00C04F79EFBC}") = "AIM.BookStoreManagement.Dto", "AIM.BookStoreManagement.Dto\AIM.BookStoreManagement.Dto.csproj", "{777FEBF8-2A8E-4A62-9E5D-BCFE382ADFE3}"
EndProject
Project("{FAE04EC0-301F-11D3-BF4B-00C04F79EFBC}") = "AIM.BookStoreManagement.DB", "AIM.BookStoreManagement.DB\AIM.BookStoreManagement.DB.csproj", "{A23C640C-7B7B-4CA6-A8BC-3AF6BEF5DD17}"
EndProject
Project("{FAE04EC0-301F-11D3-BF4B-00C04F79EFBC}") = "AIM.BookStoreManagement.Application", "AIM.BookStoreManagement.Application\AIM.BookStoreManagement.Application.csproj", "{337C5C1C-EE44-4BAE-8BDC-56632671506B}"
EndProject
Global
	GlobalSection(SolutionConfigurationPlatforms) = preSolution
		Debug|Any CPU = Debug|Any CPU
		Release|Any CPU = Release|Any CPU
	EndGlobalSection
	GlobalSection(ProjectConfigurationPlatforms) = postSolution
		{12AAA888-B935-4052-90BB-3C83BED5E998}.Debug|Any CPU.ActiveCfg = Debug|Any CPU
		{12AAA888-B935-4052-90BB-3C83BED5E998}.Debug|Any CPU.Build.0 = Debug|Any CPU
		{12AAA888-B935-4052-90BB-3C83BED5E998}.Release|Any CPU.ActiveCfg = Release|Any CPU
		{12AAA888-B935-4052-90BB-3C83BED5E998}.Release|Any CPU.Build.0 = Release|Any CPU
		{777FEBF8-2A8E-4A62-9E5D-BCFE382ADFE3}.Debug|Any CPU.ActiveCfg = Debug|Any CPU
		{777FEBF8-2A8E-4A62-9E5D-BCFE382ADFE3}.Debug|Any CPU.Build.0 = Debug|Any CPU
		{777FEBF8-2A8E-4A62-9E5D-BCFE382ADFE3}.Release|Any CPU.ActiveCfg = Release|Any CPU
		{777FEBF8-2A8E-4A62-9E5D-BCFE382ADFE3}.Release|Any CPU.Build.0 = Release|Any CPU
		{A23C640C-7B7B-4CA6-A8BC-3AF6BEF5DD17}.Debug|Any CPU.ActiveCfg = Debug|Any CPU
		{A23C640C-7B7B-4CA6-A8BC-3AF6BEF5DD17}.Debug|Any CPU.Build.0 = Debug|Any CPU
		{A23C640C-7B7B-4CA6-A8BC-3AF6BEF5DD17}.Release|Any CPU.ActiveCfg = Release|Any CPU
		{A23C640C-7B7B-4CA6-A8BC-3AF6BEF5DD17}.Release|Any CPU.Build.0 = Release|Any CPU
		{337C5C1C-EE44-4BAE-8BDC-56632671506B}.Debug|Any CPU.ActiveCfg = Debug|Any CPU
		{337C5C1C-EE44-4BAE-8BDC-56632671506B}.Debug|Any CPU.Build.0 = Debug|Any CPU
		{337C5C1C-EE44-4BAE-8BDC-56632671506B}.Release|Any CPU.ActiveCfg = Release|Any CPU
		{337C5C1C-EE44-4BAE-8BDC-56632671506B}.Release|Any CPU.Build.0 = Release|Any CPU
	EndGlobalSection
	GlobalSection(SolutionProperties) = preSolution
		HideSolutionNode = FALSE
	EndGlobalSection
	GlobalSection(ExtensibilityGlobals) = postSolution
		SolutionGuid = {A875245B-EBC9-4184-B145-D968EBB28B01}
	EndGlobalSection
EndGlobal
